
Microsoft Visual Studio Solution File, Format Version 11.00
# Visual Studio 2010
Project("{FAE04EC0-301F-11D3-BF4B-00C04F79EFBC}") = "Assembly-CSharp", "Assembly-CSharp.csproj", "{EEFB318F-2761-C0D5-6BC6-BAEDE995E986}"
EndProject
Project("{FAE04EC0-301F-11D3-BF4B-00C04F79EFBC}") = "Sirenix.OdinInspector.CompatibilityLayer", "Sirenix.OdinInspector.CompatibilityLayer.csproj", "{978724C9-5C80-A35C-9243-F3DD198265AB}"
EndProject
Project("{FAE04EC0-301F-11D3-BF4B-00C04F79EFBC}") = "Sirenix.OdinInspector.CompatibilityLayer.Editor", "Sirenix.OdinInspector.CompatibilityLayer.Editor.csproj", "{1375ADF7-024E-2EE2-0887-1ACB0B19965D}"
EndProject
Project("{FAE04EC0-301F-11D3-BF4B-00C04F79EFBC}") = "Assembly-CSharp-Editor", "Assembly-CSharp-Editor.csproj", "{92357262-5928-992C-D826-42CFA4D25375}"
EndProject
Global
	GlobalSection(SolutionConfigurationPlatforms) = preSolution
		Debug|Any CPU = Debug|Any CPU
		Release|Any CPU = Release|Any CPU
	EndGlobalSection
	GlobalSection(ProjectConfigurationPlatforms) = postSolution
		{EEFB318F-2761-C0D5-6BC6-BAEDE995E986}.Debug|Any CPU.ActiveCfg = Debug|Any CPU
		{EEFB318F-2761-C0D5-6BC6-BAEDE995E986}.Debug|Any CPU.Build.0 = Debug|Any CPU
		{EEFB318F-2761-C0D5-6BC6-BAEDE995E986}.Release|Any CPU.ActiveCfg = Release|Any CPU
		{EEFB318F-2761-C0D5-6BC6-BAEDE995E986}.Release|Any CPU.Build.0 = Release|Any CPU
		{978724C9-5C80-A35C-9243-F3DD198265AB}.Debug|Any CPU.ActiveCfg = Debug|Any CPU
		{978724C9-5C80-A35C-9243-F3DD198265AB}.Debug|Any CPU.Build.0 = Debug|Any CPU
		{978724C9-5C80-A35C-9243-F3DD198265AB}.Release|Any CPU.ActiveCfg = Release|Any CPU
		{978724C9-5C80-A35C-9243-F3DD198265AB}.Release|Any CPU.Build.0 = Release|Any CPU
		{1375ADF7-024E-2EE2-0887-1ACB0B19965D}.Debug|Any CPU.ActiveCfg = Debug|Any CPU
		{1375ADF7-024E-2EE2-0887-1ACB0B19965D}.Debug|Any CPU.Build.0 = Debug|Any CPU
		{1375ADF7-024E-2EE2-0887-1ACB0B19965D}.Release|Any CPU.ActiveCfg = Release|Any CPU
		{1375ADF7-024E-2EE2-0887-1ACB0B19965D}.Release|Any CPU.Build.0 = Release|Any CPU
		{92357262-5928-992C-D826-42CFA4D25375}.Debug|Any CPU.ActiveCfg = Debug|Any CPU
		{92357262-5928-992C-D826-42CFA4D25375}.Debug|Any CPU.Build.0 = Debug|Any CPU
		{92357262-5928-992C-D826-42CFA4D25375}.Release|Any CPU.ActiveCfg = Release|Any CPU
		{92357262-5928-992C-D826-42CFA4D25375}.Release|Any CPU.Build.0 = Release|Any CPU
	EndGlobalSection
	GlobalSection(SolutionProperties) = preSolution
		HideSolutionNode = FALSE
	EndGlobalSection
EndGlobal
